PODS:
  - ALLoadingView (0.1.3)

DEPENDENCIES:
  - ALLoadingView (from `../ALLoadingView.podspec`)

EXTERNAL SOURCES:
  ALLoadingView:
    :path: "../ALLoadingView.podspec"

SPEC CHECKSUMS:
  ALLoadingView: f9c149ae730342b3151ef77fc6b9b610f31b46d6

PODFILE CHECKSUM: 165b8480b1e88eb8945fb3e44d3c77288c109d35

COCOAPODS: 1.0.1
