PODS:
  - ALLoadingView (0.1.3)

DEPENDENCIES:
  - ALLoadingView (from `../ALLoadingView.podspec`)

EXTERNAL SOURCES:
  ALLoadingView:
    :path: "../ALLoadingView.podspec"

SPEC CHECKSUMS:
  ALLoadingView: 38cb445ffe322bf01f614b621ba4fd3fbefd2208

PODFILE CHECKSUM: 165b8480b1e88eb8945fb3e44d3c77288c109d35

COCOAPODS: 1.1.0.beta.1
