// !$*UTF8*$!
{
	archiveVersion = 1;
	classes = {
	};
	objectVersion = 46;
	objects = {

/* Begin PBXBuildFile section */
		126EF7B91DA8169D00AEA3CA /* AppDelegate.swift in Sources */ = {isa = PBXBuildFile; fileRef = 126EF7B81DA8169D00AEA3CA /* AppDelegate.swift */; };
		126EF7BB1DA8169D00AEA3CA /* ViewController.swift in Sources */ = {isa = PBXBuildFile; fileRef = 126EF7BA1DA8169D00AEA3CA /* ViewController.swift */; };
		126EF7BE1DA8169D00AEA3CA /* Main.storyboard in Resources */ = {isa = PBXBuildFile; fileRef = 126EF7BC1DA8169D00AEA3CA /* Main.storyboard */; };
		126EF7C01DA8169D00AEA3CA /* Assets.xcassets in Resources */ = {isa = PBXBuildFile; fileRef = 126EF7BF1DA8169D00AEA3CA /* Assets.xcassets */; };
		126EF7C31DA8169D00AEA3CA /* LaunchScreen.storyboard in Resources */ = {isa = PBXBuildFile; fileRef = 126EF7C11DA8169D00AEA3CA /* LaunchScreen.storyboard */; };
		126EF7CD1DA8198500AEA3CA /* ALLoadingView.swift in Sources */ = {isa = PBXBuildFile; fileRef = 126EF7CC1DA8198500AEA3CA /* ALLoadingView.swift */; };
		126EF7D11DA819A400AEA3CA /* ALLoadingView.podspec in Resources */ = {isa = PBXBuildFile; fileRef = 126EF7CE1DA819A400AEA3CA /* ALLoadingView.podspec */; };
		126EF7D21DA819A400AEA3CA /* LICENSE in Resources */ = {isa = PBXBuildFile; fileRef = 126EF7CF1DA819A400AEA3CA /* LICENSE */; };
		126EF7D31DA819A400AEA3CA /* README.md in Resources */ = {isa = PBXBuildFile; fileRef = 126EF7D01DA819A400AEA3CA /* README.md */; };
/* End PBXBuildFile section */

/* Begin PBXFileReference section */
		126EF7B51DA8169D00AEA3CA /* ALLoadingView.app */ = {isa = PBXFileReference; explicitFileType = wrapper.application; includeInIndex = 0; path = ALLoadingView.app; sourceTree = BUILT_PRODUCTS_DIR; };
		126EF7B81DA8169D00AEA3CA /* AppDelegate.swift */ = {isa = PBXFileReference; lastKnownFileType = sourcecode.swift; path = AppDelegate.swift; sourceTree = "<group>"; };
		126EF7BA1DA8169D00AEA3CA /* ViewController.swift */ = {isa = PBXFileReference; lastKnownFileType = sourcecode.swift; path = ViewController.swift; sourceTree = "<group>"; };
		126EF7BD1DA8169D00AEA3CA /* Base */ = {isa = PBXFileReference; lastKnownFileType = file.storyboard; name = Base; path = Base.lproj/Main.storyboard; sourceTree = "<group>"; };
		126EF7BF1DA8169D00AEA3CA /* Assets.xcassets */ = {isa = PBXFileReference; lastKnownFileType = folder.assetcatalog; path = Assets.xcassets; sourceTree = "<group>"; };
		126EF7C21DA8169D00AEA3CA /* Base */ = {isa = PBXFileReference; lastKnownFileType = file.storyboard; name = Base; path = Base.lproj/LaunchScreen.storyboard; sourceTree = "<group>"; };
		126EF7C41DA8169D00AEA3CA /* Info.plist */ = {isa = PBXFileReference; lastKnownFileType = text.plist.xml; path = Info.plist; sourceTree = "<group>"; };
		126EF7CC1DA8198500AEA3CA /* ALLoadingView.swift */ = {isa = PBXFileReference; fileEncoding = 4; lastKnownFileType = sourcecode.swift; name = ALLoadingView.swift; path = Source/ALLoadingView.swift; sourceTree = "<group>"; };
		126EF7CE1DA819A400AEA3CA /* ALLoadingView.podspec */ = {isa = PBXFileReference; fileEncoding = 4; lastKnownFileType = text; path = ALLoadingView.podspec; sourceTree = "<group>"; };
		126EF7CF1DA819A400AEA3CA /* LICENSE */ = {isa = PBXFileReference; fileEncoding = 4; lastKnownFileType = text; path = LICENSE; sourceTree = "<group>"; };
		126EF7D01DA819A400AEA3CA /* README.md */ = {isa = PBXFileReference; fileEncoding = 4; lastKnownFileType = net.daringfireball.markdown; path = README.md; sourceTree = "<group>"; };
/* End PBXFileReference section */

/* Begin PBXFrameworksBuildPhase section */
		126EF7B21DA8169D00AEA3CA /* Frameworks */ = {
			isa = PBXFrameworksBuildPhase;
			buildActionMask = 2147483647;
			files = (
			);
			runOnlyForDeploymentPostprocessing = 0;
		};
/* End PBXFrameworksBuildPhase section */

/* Begin PBXGroup section */
		126EF7AC1DA8169C00AEA3CA = {
			isa = PBXGroup;
			children = (
				126EF7CB1DA8195E00AEA3CA /* Podspec data */,
				126EF7B71DA8169D00AEA3CA /* ALLoadingView */,
				126EF7B61DA8169D00AEA3CA /* Products */,
			);
			sourceTree = "<group>";
		};
		126EF7B61DA8169D00AEA3CA /* Products */ = {
			isa = PBXGroup;
			children = (
				126EF7B51DA8169D00AEA3CA /* ALLoadingView.app */,
			);
			name = Products;
			sourceTree = "<group>";
		};
		126EF7B71DA8169D00AEA3CA /* ALLoadingView */ = {
			isa = PBXGroup;
			children = (
				126EF7CA1DA817C600AEA3CA /* Source */,
				126EF7B81DA8169D00AEA3CA /* AppDelegate.swift */,
				126EF7BA1DA8169D00AEA3CA /* ViewController.swift */,
				126EF7BC1DA8169D00AEA3CA /* Main.storyboard */,
				126EF7BF1DA8169D00AEA3CA /* Assets.xcassets */,
				126EF7C11DA8169D00AEA3CA /* LaunchScreen.storyboard */,
				126EF7C41DA8169D00AEA3CA /* Info.plist */,
			);
			path = ALLoadingView;
			sourceTree = "<group>";
		};
		126EF7CA1DA817C600AEA3CA /* Source */ = {
			isa = PBXGroup;
			children = (
				126EF7CC1DA8198500AEA3CA /* ALLoadingView.swift */,
			);
			name = Source;
			sourceTree = "<group>";
		};
		126EF7CB1DA8195E00AEA3CA /* Podspec data */ = {
			isa = PBXGroup;
			children = (
				126EF7CE1DA819A400AEA3CA /* ALLoadingView.podspec */,
				126EF7CF1DA819A400AEA3CA /* LICENSE */,
				126EF7D01DA819A400AEA3CA /* README.md */,
			);
			name = "Podspec data";
			sourceTree = "<group>";
		};
/* End PBXGroup section */

/* Begin PBXNativeTarget section */
		126EF7B41DA8169D00AEA3CA /* ALLoadingView */ = {
			isa = PBXNativeTarget;
			buildConfigurationList = 126EF7C71DA8169D00AEA3CA /* Build configuration list for PBXNativeTarget "ALLoadingView" */;
			buildPhases = (
				126EF7B11DA8169D00AEA3CA /* Sources */,
				126EF7B21DA8169D00AEA3CA /* Frameworks */,
				126EF7B31DA8169D00AEA3CA /* Resources */,
			);
			buildRules = (
			);
			dependencies = (
			);
			name = ALLoadingView;
			productName = ALLoadingView;
			productReference = 126EF7B51DA8169D00AEA3CA /* ALLoadingView.app */;
			productType = "com.apple.product-type.application";
		};
/* End PBXNativeTarget section */

/* Begin PBXProject section */
		126EF7AD1DA8169C00AEA3CA /* Project object */ = {
			isa = PBXProject;
			attributes = {
				LastSwiftUpdateCheck = 0800;
				LastUpgradeCheck = 0900;
				ORGANIZATIONNAME = ALoginov;
				TargetAttributes = {
					126EF7B41DA8169D00AEA3CA = {
						CreatedOnToolsVersion = 8.0;
						DevelopmentTeam = R88L3HG7R3;
						LastSwiftMigration = 1010;
						ProvisioningStyle = Automatic;
					};
				};
			};
			buildConfigurationList = 126EF7B01DA8169C00AEA3CA /* Build configuration list for PBXProject "ALLoadingView" */;
			compatibilityVersion = "Xcode 3.2";
			developmentRegion = English;
			hasScannedForEncodings = 0;
			knownRegions = (
				en,
				Base,
			);
			mainGroup = 126EF7AC1DA8169C00AEA3CA;
			productRefGroup = 126EF7B61DA8169D00AEA3CA /* Products */;
			projectDirPath = "";
			projectRoot = "";
			targets = (
				126EF7B41DA8169D00AEA3CA /* ALLoadingView */,
			);
		};
/* End PBXProject section */

/* Begin PBXResourcesBuildPhase section */
		126EF7B31DA8169D00AEA3CA /* Resources */ = {
			isa = PBXResourcesBuildPhase;
			buildActionMask = 2147483647;
			files = (
				126EF7C31DA8169D00AEA3CA /* LaunchScreen.storyboard in Resources */,
				126EF7D31DA819A400AEA3CA /* README.md in Resources */,
				126EF7C01DA8169D00AEA3CA /* Assets.xcassets in Resources */,
				126EF7BE1DA8169D00AEA3CA /* Main.storyboard in Resources */,
				126EF7D11DA819A400AEA3CA /* ALLoadingView.podspec in Resources */,
				126EF7D21DA819A400AEA3CA /* LICENSE in Resources */,
			);
			runOnlyForDeploymentPostprocessing = 0;
		};
/* End PBXResourcesBuildPhase section */

/* Begin PBXSourcesBuildPhase section */
		126EF7B11DA8169D00AEA3CA /* Sources */ = {
			isa = PBXSourcesBuildPhase;
			buildActionMask = 2147483647;
			files = (
				126EF7BB1DA8169D00AEA3CA /* ViewController.swift in Sources */,
				126EF7CD1DA8198500AEA3CA /* ALLoadingView.swift in Sources */,
				126EF7B91DA8169D00AEA3CA /* AppDelegate.swift in Sources */,
			);
			runOnlyForDeploymentPostprocessing = 0;
		};
/* End PBXSourcesBuildPhase section */

/* Begin PBXVariantGroup section */
		126EF7BC1DA8169D00AEA3CA /* Main.storyboard */ = {
			isa = PBXVariantGroup;
			children = (
				126EF7BD1DA8169D00AEA3CA /* Base */,
			);
			name = Main.storyboard;
			sourceTree = "<group>";
		};
		126EF7C11DA8169D00AEA3CA /* LaunchScreen.storyboard */ = {
			isa = PBXVariantGroup;
			children = (
				126EF7C21DA8169D00AEA3CA /* Base */,
			);
			name = LaunchScreen.storyboard;
			sourceTree = "<group>";
		};
/* End PBXVariantGroup section */

/* Begin XCBuildConfiguration section */
		126EF7C51DA8169D00AEA3CA /* Debug */ = {
			isa = XCBuildConfiguration;
			buildSettings = {
				ALWAYS_SEARCH_USER_PATHS = NO;
				CLANG_ANALYZER_NONNULL = YES;
				CLANG_CXX_LANGUAGE_STANDARD = "gnu++0x";
				CLANG_CXX_LIBRARY = "libc++";
				CLANG_ENABLE_MODULES = YES;
				CLANG_ENABLE_OBJC_ARC = YES;
				CLANG_WARN_BLOCK_CAPTURE_AUTORELEASING = YES;
				CLANG_WARN_BOOL_CONVERSION = YES;
				CLANG_WARN_COMMA = YES;
				CLANG_WARN_CONSTANT_CONVERSION = YES;
				CLANG_WARN_DIRECT_OBJC_ISA_USAGE = YES_ERROR;
				CLANG_WARN_DOCUMENTATION_COMMENTS = YES;
				CLANG_WARN_EMPTY_BODY = YES;
				CLANG_WARN_ENUM_CONVERSION = YES;
				CLANG_WARN_INFINITE_RECURSION = YES;
				CLANG_WARN_INT_CONVERSION = YES;
				CLANG_WARN_NON_LITERAL_NULL_CONVERSION = YES;
				CLANG_WARN_OBJC_LITERAL_CONVERSION = YES;
				CLANG_WARN_OBJC_ROOT_CLASS = YES_ERROR;
				CLANG_WARN_RANGE_LOOP_ANALYSIS = YES;
				CLANG_WARN_STRICT_PROTOTYPES = YES;
				CLANG_WARN_SUSPICIOUS_MOVE = YES;
				CLANG_WARN_SUSPICIOUS_MOVES = YES;
				CLANG_WARN_UNREACHABLE_CODE = YES;
				CLANG_WARN__DUPLICATE_METHOD_MATCH = YES;
				"CODE_SIGN_IDENTITY[sdk=iphoneos*]" = "iPhone Developer";
				COPY_PHASE_STRIP = NO;
				DEBUG_INFORMATION_FORMAT = dwarf;
				ENABLE_STRICT_OBJC_MSGSEND = YES;
				ENABLE_TESTABILITY = YES;
				GCC_C_LANGUAGE_STANDARD = gnu99;
				GCC_DYNAMIC_NO_PIC = NO;
				GCC_NO_COMMON_BLOCKS = YES;
				GCC_OPTIMIZATION_LEVEL = 0;
				GCC_PREPROCESSOR_DEFINITIONS = (
					"DEBUG=1",
					"$(inherited)",
				);
				GCC_WARN_64_TO_32_BIT_CONVERSION = YES;
				GCC_WARN_ABOUT_RETURN_TYPE = YES_ERROR;
				GCC_WARN_UNDECLARED_SELECTOR = YES;
				GCC_WARN_UNINITIALIZED_AUTOS = YES_AGGRESSIVE;
				GCC_WARN_UNUSED_FUNCTION = YES;
				GCC_WARN_UNUSED_VARIABLE = YES;
				IPHONEOS_DEPLOYMENT_TARGET = 9.0;
				MTL_ENABLE_DEBUG_INFO = YES;
				ONLY_ACTIVE_ARCH = YES;
				SDKROOT = iphoneos;
				SWIFT_ACTIVE_COMPILATION_CONDITIONS = DEBUG;
				SWIFT_OPTIMIZATION_LEVEL = "-Onone";
			};
			name = Debug;
		};
		126EF7C61DA8169D00AEA3CA /* Release */ = {
			isa = XCBuildConfiguration;
			buildSettings = {
				ALWAYS_SEARCH_USER_PATHS = NO;
				CLANG_ANALYZER_NONNULL = YES;
				CLANG_CXX_LANGUAGE_STANDARD = "gnu++0x";
				CLANG_CXX_LIBRARY = "libc++";
				CLANG_ENABLE_MODULES = YES;
				CLANG_ENABLE_OBJC_ARC = YES;
				CLANG_WARN_BLOCK_CAPTURE_AUTORELEASING = YES;
				CLANG_WARN_BOOL_CONVERSION = YES;
				CLANG_WARN_COMMA = YES;
				CLANG_WARN_CONSTANT_CONVERSION = YES;
				CLANG_WARN_DIRECT_OBJC_ISA_USAGE = YES_ERROR;
				CLANG_WARN_DOCUMENTATION_COMMENTS = YES;
				CLANG_WARN_EMPTY_BODY = YES;
				CLANG_WARN_ENUM_CONVERSION = YES;
				CLANG_WARN_INFINITE_RECURSION = YES;
				CLANG_WARN_INT_CONVERSION = YES;
				CLANG_WARN_NON_LITERAL_NULL_CONVERSION = YES;
				CLANG_WARN_OBJC_LITERAL_CONVERSION = YES;
				CLANG_WARN_OBJC_ROOT_CLASS = YES_ERROR;
				CLANG_WARN_RANGE_LOOP_ANALYSIS = YES;
				CLANG_WARN_STRICT_PROTOTYPES = YES;
				CLANG_WARN_SUSPICIOUS_MOVE = YES;
				CLANG_WARN_SUSPICIOUS_MOVES = YES;
				CLANG_WARN_UNREACHABLE_CODE = YES;
				CLANG_WARN__DUPLICATE_METHOD_MATCH = YES;
				"CODE_SIGN_IDENTITY[sdk=iphoneos*]" = "iPhone Developer";
				COPY_PHASE_STRIP = NO;
				DEBUG_INFORMATION_FORMAT = "dwarf-with-dsym";
				ENABLE_NS_ASSERTIONS = NO;
				ENABLE_STRICT_OBJC_MSGSEND = YES;
				GCC_C_LANGUAGE_STANDARD = gnu99;
				GCC_NO_COMMON_BLOCKS = YES;
				GCC_WARN_64_TO_32_BIT_CONVERSION = YES;
				GCC_WARN_ABOUT_RETURN_TYPE = YES_ERROR;
				GCC_WARN_UNDECLARED_SELECTOR = YES;
				GCC_WARN_UNINITIALIZED_AUTOS = YES_AGGRESSIVE;
				GCC_WARN_UNUSED_FUNCTION = YES;
				GCC_WARN_UNUSED_VARIABLE = YES;
				IPHONEOS_DEPLOYMENT_TARGET = 9.0;
				MTL_ENABLE_DEBUG_INFO = NO;
				SDKROOT = iphoneos;
				SWIFT_OPTIMIZATION_LEVEL = "-Owholemodule";
				VALIDATE_PRODUCT = YES;
			};
			name = Release;
		};
		126EF7C81DA8169D00AEA3CA /* Debug */ = {
			isa = XCBuildConfiguration;
			buildSettings = {
				ASSETCATALOG_COMPILER_APPICON_NAME = AppIcon;
				DEVELOPMENT_TEAM = R88L3HG7R3;
				INFOPLIST_FILE = ALLoadingView/Info.plist;
				IPHONEOS_DEPLOYMENT_TARGET = 9.0;
				LD_RUNPATH_SEARCH_PATHS = "$(inherited) @executable_path/Frameworks";
				PRODUCT_BUNDLE_IDENTIFIER = cocoapods.aloginov.ALLoadingView;
				PRODUCT_NAME = "$(TARGET_NAME)";
				SWIFT_VERSION = 4.2;
			};
			name = Debug;
		};
		126EF7C91DA8169D00AEA3CA /* Release */ = {
			isa = XCBuildConfiguration;
			buildSettings = {
				ASSETCATALOG_COMPILER_APPICON_NAME = AppIcon;
				DEVELOPMENT_TEAM = R88L3HG7R3;
				INFOPLIST_FILE = ALLoadingView/Info.plist;
				IPHONEOS_DEPLOYMENT_TARGET = 9.0;
				LD_RUNPATH_SEARCH_PATHS = "$(inherited) @executable_path/Frameworks";
				PRODUCT_BUNDLE_IDENTIFIER = cocoapods.aloginov.ALLoadingView;
				PRODUCT_NAME = "$(TARGET_NAME)";
				SWIFT_VERSION = 4.2;
			};
			name = Release;
		};
/* End XCBuildConfiguration section */

/* Begin XCConfigurationList section */
		126EF7B01DA8169C00AEA3CA /* Build configuration list for PBXProject "ALLoadingView" */ = {
			isa = XCConfigurationList;
			buildConfigurations = (
				126EF7C51DA8169D00AEA3CA /* Debug */,
				126EF7C61DA8169D00AEA3CA /* Release */,
			);
			defaultConfigurationIsVisible = 0;
			defaultConfigurationName = Release;
		};
		126EF7C71DA8169D00AEA3CA /* Build configuration list for PBXNativeTarget "ALLoadingView" */ = {
			isa = XCConfigurationList;
			buildConfigurations = (
				126EF7C81DA8169D00AEA3CA /* Debug */,
				126EF7C91DA8169D00AEA3CA /* Release */,
			);
			defaultConfigurationIsVisible = 0;
			defaultConfigurationName = Release;
		};
/* End XCConfigurationList section */
	};
	rootObject = 126EF7AD1DA8169C00AEA3CA /* Project object */;
}
